{
    "name": "@thierryteisseire/0crm-skill",
    "version": "1.0.2",
    "lockfileVersion": 3,
    "requires": true,
    "packages": {
        "": {
            "name": "@thierryteisseire/0crm-skill",
            "version": "1.0.2",
            "license": "MIT",
            "dependencies": {
                "@thierryteisseire/0crm-skill": "^1.0.2"
            },
            "bin": {
                "0crm": "scripts/cli.py",
                "zerocrm": "scripts/cli.py"
            }
        },
        "node_modules/@thierryteisseire/0crm-skill": {
            "version": "1.0.2",
            "resolved": "https://registry.npmjs.org/@thierryteisseire/0crm-skill/-/0crm-skill-1.0.2.tgz",
            "integrity": "sha512-HP3PITm9jcuZ4qESTDvfMFxQTIyPoUCR3/V0kwDh18n/v92zFDsLUF+w016xP1vcKjjNltYVgalty7YhImGpow==",
            "license": "MIT",
            "bin": {
                "0crm": "scripts/cli.py",
                "zerocrm": "scripts/cli.py"
            }
        }
    }
}
